
Microsoft Visual Studio Solution File, Format Version 12.00
# Visual Studio Version 17
VisualStudioVersion = 17.5.002.0
MinimumVisualStudioVersion = 10.0.40219.1
Project("{9A19103F-16F7-4668-BE54-9A1E7A4F7556}") = "DesafioFundamentos", "DesafioFundamentos\DesafioFundamentos.csproj", "{ED7D1D43-6528-43A9-B911-2FE6489DD34F}"
EndProject
Global
	GlobalSection(SolutionConfigurationPlatforms) = preSolution
		Debug|Any CPU = Debug|Any CPU
		Release|Any CPU = Release|Any CPU
	EndGlobalSection
	GlobalSection(ProjectConfigurationPlatforms) = postSolution
		{ED7D1D43-6528-43A9-B911-2FE6489DD34F}.Debug|Any CPU.ActiveCfg = Debug|Any CPU
		{ED7D1D43-6528-43A9-B911-2FE6489DD34F}.Debug|Any CPU.Build.0 = Debug|Any CPU
		{ED7D1D43-6528-43A9-B911-2FE6489DD34F}.Release|Any CPU.ActiveCfg = Release|Any CPU
		{ED7D1D43-6528-43A9-B911-2FE6489DD34F}.Release|Any CPU.Build.0 = Release|Any CPU
	EndGlobalSection
	GlobalSection(SolutionProperties) = preSolution
		HideSolutionNode = FALSE
	EndGlobalSection
	GlobalSection(ExtensibilityGlobals) = postSolution
		SolutionGuid = {AFA246B6-29C3-4D31-A332-D1695C0C26B2}
	EndGlobalSection
EndGlobal
